
Microsoft Visual Studio Solution File, Format Version 12.00
# Visual Studio Version 17
VisualStudioVersion = 17.5.33424.131
MinimumVisualStudioVersion = 10.0.40219.1
Project("{9A19103F-16F7-4668-BE54-9A1E7A4F7556}") = "CodeAcademy", "CodeAcademy.csproj", "{F4BBB3CC-43AA-4E9E-BED1-636E0B42E780}"
EndProject
Project("{2150E333-8FDC-42A3-9474-1A3956D46DE8}") = "src", "src", "{F6369101-B2B2-427B-9371-51C41B0FE4D8}"
EndProject
Global
	GlobalSection(SolutionConfigurationPlatforms) = preSolution
		Debug|Any CPU = Debug|Any CPU
		Release|Any CPU = Release|Any CPU
	EndGlobalSection
	GlobalSection(ProjectConfigurationPlatforms) = postSolution
		{F4BBB3CC-43AA-4E9E-BED1-636E0B42E780}.Debug|Any CPU.ActiveCfg = Debug|Any CPU
		{F4BBB3CC-43AA-4E9E-BED1-636E0B42E780}.Debug|Any CPU.Build.0 = Debug|Any CPU
		{F4BBB3CC-43AA-4E9E-BED1-636E0B42E780}.Release|Any CPU.ActiveCfg = Release|Any CPU
		{F4BBB3CC-43AA-4E9E-BED1-636E0B42E780}.Release|Any CPU.Build.0 = Release|Any CPU
	EndGlobalSection
	GlobalSection(SolutionProperties) = preSolution
		HideSolutionNode = FALSE
	EndGlobalSection
	GlobalSection(NestedProjects) = preSolution
		{F4BBB3CC-43AA-4E9E-BED1-636E0B42E780} = {F6369101-B2B2-427B-9371-51C41B0FE4D8}
	EndGlobalSection
	GlobalSection(ExtensibilityGlobals) = postSolution
		SolutionGuid = {809CF77D-5076-4004-A695-07B33A4CDD75}
	EndGlobalSection
EndGlobal
